// !$*UTF8*$!
{
	archiveVersion = 1;
	classes = {
	};
	objectVersion = 56;
	objects = {

/* Begin PBXBuildFile section */
		EF0E2E602C5F813200DD0B57 /* EnhancedCamApp.swift in Sources */ = {isa = PBXBuildFile; fileRef = EF0E2E5F2C5F813200DD0B57 /* EnhancedCamApp.swift */; };
		EF0E2E622C5F813200DD0B57 /* ContentView.swift in Sources */ = {isa = PBXBuildFile; fileRef = EF0E2E612C5F813200DD0B57 /* ContentView.swift */; };
		EF0E2E642C5F813300DD0B57 /* Assets.xcassets in Resources */ = {isa = PBXBuildFile; fileRef = EF0E2E632C5F813300DD0B57 /* Assets.xcassets */; };
		EF0E2E672C5F813300DD0B57 /* Preview Assets.xcassets in Resources */ = {isa = PBXBuildFile; fileRef = EF0E2E662C5F813300DD0B57 /* Preview Assets.xcassets */; };
		EF0E2E712C5F813300DD0B57 /* EnhancedCamTests.swift in Sources */ = {isa = PBXBuildFile; fileRef = EF0E2E702C5F813300DD0B57 /* EnhancedCamTests.swift */; };
		EF0E2E7B2C5F813300DD0B57 /* EnhancedCamUITests.swift in Sources */ = {isa = PBXBuildFile; fileRef = EF0E2E7A2C5F813300DD0B57 /* EnhancedCamUITests.swift */; };
		EF0E2E7D2C5F813300DD0B57 /* EnhancedCamUITestsLaunchTests.swift in Sources */ = {isa = PBXBuildFile; fileRef = EF0E2E7C2C5F813300DD0B57 /* EnhancedCamUITestsLaunchTests.swift */; };
		EF0E2E8A2C5F822200DD0B57 /* EnhancedCamView.swift in Sources */ = {isa = PBXBuildFile; fileRef = EF0E2E892C5F822200DD0B57 /* EnhancedCamView.swift */; };
		EF0E2E8C2C5F822700DD0B57 /* EnhancedCamViewModel.swift in Sources */ = {isa = PBXBuildFile; fileRef = EF0E2E8B2C5F822700DD0B57 /* EnhancedCamViewModel.swift */; };
/* End PBXBuildFile section */

/* Begin PBXContainerItemProxy section */
		EF0E2E6D2C5F813300DD0B57 /* PBXContainerItemProxy */ = {
			isa = PBXContainerItemProxy;
			containerPortal = EF0E2E542C5F813200DD0B57 /* Project object */;
			proxyType = 1;
			remoteGlobalIDString = EF0E2E5B2C5F813200DD0B57;
			remoteInfo = EnhancedCam;
		};
		EF0E2E772C5F813300DD0B57 /* PBXContainerItemProxy */ = {
			isa = PBXContainerItemProxy;
			containerPortal = EF0E2E542C5F813200DD0B57 /* Project object */;
			proxyType = 1;
			remoteGlobalIDString = EF0E2E5B2C5F813200DD0B57;
			remoteInfo = EnhancedCam;
		};
/* End PBXContainerItemProxy section */

/* Begin PBXFileReference section */
		EF0E2E5C2C5F813200DD0B57 /* EnhancedCam.app */ = {isa = PBXFileReference; explicitFileType = wrapper.application; includeInIndex = 0; path = EnhancedCam.app; sourceTree = BUILT_PRODUCTS_DIR; };
		EF0E2E5F2C5F813200DD0B57 /* EnhancedCamApp.swift */ = {isa = PBXFileReference; lastKnownFileType = sourcecode.swift; path = EnhancedCamApp.swift; sourceTree = "<group>"; };
		EF0E2E612C5F813200DD0B57 /* ContentView.swift */ = {isa = PBXFileReference; lastKnownFileType = sourcecode.swift; path = ContentView.swift; sourceTree = "<group>"; };
		EF0E2E632C5F813300DD0B57 /* Assets.xcassets */ = {isa = PBXFileReference; lastKnownFileType = folder.assetcatalog; path = Assets.xcassets; sourceTree = "<group>"; };
		EF0E2E662C5F813300DD0B57 /* Preview Assets.xcassets */ = {isa = PBXFileReference; lastKnownFileType = folder.assetcatalog; path = "Preview Assets.xcassets"; sourceTree = "<group>"; };
		EF0E2E6C2C5F813300DD0B57 /* EnhancedCamTests.xctest */ = {isa = PBXFileReference; explicitFileType = wrapper.cfbundle; includeInIndex = 0; path = EnhancedCamTests.xctest; sourceTree = BUILT_PRODUCTS_DIR; };
		EF0E2E702C5F813300DD0B57 /* EnhancedCamTests.swift */ = {isa = PBXFileReference; lastKnownFileType = sourcecode.swift; path = EnhancedCamTests.swift; sourceTree = "<group>"; };
		EF0E2E762C5F813300DD0B57 /* EnhancedCamUITests.xctest */ = {isa = PBXFileReference; explicitFileType = wrapper.cfbundle; includeInIndex = 0; path = EnhancedCamUITests.xctest; sourceTree = BUILT_PRODUCTS_DIR; };
		EF0E2E7A2C5F813300DD0B57 /* EnhancedCamUITests.swift */ = {isa = PBXFileReference; lastKnownFileType = sourcecode.swift; path = EnhancedCamUITests.swift; sourceTree = "<group>"; };
		EF0E2E7C2C5F813300DD0B57 /* EnhancedCamUITestsLaunchTests.swift */ = {isa = PBXFileReference; lastKnownFileType = sourcecode.swift; path = EnhancedCamUITestsLaunchTests.swift; sourceTree = "<group>"; };
		EF0E2E892C5F822200DD0B57 /* EnhancedCamView.swift */ = {isa = PBXFileReference; lastKnownFileType = sourcecode.swift; path = EnhancedCamView.swift; sourceTree = "<group>"; };
		EF0E2E8B2C5F822700DD0B57 /* EnhancedCamViewModel.swift */ = {isa = PBXFileReference; lastKnownFileType = sourcecode.swift; path = EnhancedCamViewModel.swift; sourceTree = "<group>"; };
/* End PBXFileReference section */

/* Begin PBXFrameworksBuildPhase section */
		EF0E2E592C5F813200DD0B57 /* Frameworks */ = {
			isa = PBXFrameworksBuildPhase;
			buildActionMask = 2147483647;
			files = (
			);
			runOnlyForDeploymentPostprocessing = 0;
		};
		EF0E2E692C5F813300DD0B57 /* Frameworks */ = {
			isa = PBXFrameworksBuildPhase;
			buildActionMask = 2147483647;
			files = (
			);
			runOnlyForDeploymentPostprocessing = 0;
		};
		EF0E2E732C5F813300DD0B57 /* Frameworks */ = {
			isa = PBXFrameworksBuildPhase;
			buildActionMask = 2147483647;
			files = (
			);
			runOnlyForDeploymentPostprocessing = 0;
		};
/* End PBXFrameworksBuildPhase section */

/* Begin PBXGroup section */
		EF0E2E532C5F813200DD0B57 = {
			isa = PBXGroup;
			children = (
				EF0E2E8B2C5F822700DD0B57 /* EnhancedCamViewModel.swift */,
				EF0E2E892C5F822200DD0B57 /* EnhancedCamView.swift */,
				EF0E2E5E2C5F813200DD0B57 /* EnhancedCam */,
				EF0E2E6F2C5F813300DD0B57 /* EnhancedCamTests */,
				EF0E2E792C5F813300DD0B57 /* EnhancedCamUITests */,
				EF0E2E5D2C5F813200DD0B57 /* Products */,
			);
			sourceTree = "<group>";
		};
		EF0E2E5D2C5F813200DD0B57 /* Products */ = {
			isa = PBXGroup;
			children = (
				EF0E2E5C2C5F813200DD0B57 /* EnhancedCam.app */,
				EF0E2E6C2C5F813300DD0B57 /* EnhancedCamTests.xctest */,
				EF0E2E762C5F813300DD0B57 /* EnhancedCamUITests.xctest */,
			);
			name = Products;
			sourceTree = "<group>";
		};
		EF0E2E5E2C5F813200DD0B57 /* EnhancedCam */ = {
			isa = PBXGroup;
			children = (
				EF0E2E5F2C5F813200DD0B57 /* EnhancedCamApp.swift */,
				EF0E2E612C5F813200DD0B57 /* ContentView.swift */,
				EF0E2E632C5F813300DD0B57 /* Assets.xcassets */,
				EF0E2E652C5F813300DD0B57 /* Preview Content */,
			);
			path = EnhancedCam;
			sourceTree = "<group>";
		};
		EF0E2E652C5F813300DD0B57 /* Preview Content */ = {
			isa = PBXGroup;
			children = (
				EF0E2E662C5F813300DD0B57 /* Preview Assets.xcassets */,
			);
			path = "Preview Content";
			sourceTree = "<group>";
		};
		EF0E2E6F2C5F813300DD0B57 /* EnhancedCamTests */ = {
			isa = PBXGroup;
			children = (
				EF0E2E702C5F813300DD0B57 /* EnhancedCamTests.swift */,
			);
			path = EnhancedCamTests;
			sourceTree = "<group>";
		};
		EF0E2E792C5F813300DD0B57 /* EnhancedCamUITests */ = {
			isa = PBXGroup;
			children = (
				EF0E2E7A2C5F813300DD0B57 /* EnhancedCamUITests.swift */,
				EF0E2E7C2C5F813300DD0B57 /* EnhancedCamUITestsLaunchTests.swift */,
			);
			path = EnhancedCamUITests;
			sourceTree = "<group>";
		};
/* End PBXGroup section */

/* Begin PBXNativeTarget section */
		EF0E2E5B2C5F813200DD0B57 /* EnhancedCam */ = {
			isa = PBXNativeTarget;
			buildConfigurationList = EF0E2E802C5F813300DD0B57 /* Build configuration list for PBXNativeTarget "EnhancedCam" */;
			buildPhases = (
				EF0E2E582C5F813200DD0B57 /* Sources */,
				EF0E2E592C5F813200DD0B57 /* Frameworks */,
				EF0E2E5A2C5F813200DD0B57 /* Resources */,
			);
			buildRules = (
			);
			dependencies = (
			);
			name = EnhancedCam;
			productName = EnhancedCam;
			productReference = EF0E2E5C2C5F813200DD0B57 /* EnhancedCam.app */;
			productType = "com.apple.product-type.application";
		};
		EF0E2E6B2C5F813300DD0B57 /* EnhancedCamTests */ = {
			isa = PBXNativeTarget;
			buildConfigurationList = EF0E2E832C5F813300DD0B57 /* Build configuration list for PBXNativeTarget "EnhancedCamTests" */;
			buildPhases = (
				EF0E2E682C5F813300DD0B57 /* Sources */,
				EF0E2E692C5F813300DD0B57 /* Frameworks */,
				EF0E2E6A2C5F813300DD0B57 /* Resources */,
			);
			buildRules = (
			);
			dependencies = (
				EF0E2E6E2C5F813300DD0B57 /* PBXTargetDependency */,
			);
			name = EnhancedCamTests;
			productName = EnhancedCamTests;
			productReference = EF0E2E6C2C5F813300DD0B57 /* EnhancedCamTests.xctest */;
			productType = "com.apple.product-type.bundle.unit-test";
		};
		EF0E2E752C5F813300DD0B57 /* EnhancedCamUITests */ = {
			isa = PBXNativeTarget;
			buildConfigurationList = EF0E2E862C5F813300DD0B57 /* Build configuration list for PBXNativeTarget "EnhancedCamUITests" */;
			buildPhases = (
				EF0E2E722C5F813300DD0B57 /* Sources */,
				EF0E2E732C5F813300DD0B57 /* Frameworks */,
				EF0E2E742C5F813300DD0B57 /* Resources */,
			);
			buildRules = (
			);
			dependencies = (
				EF0E2E782C5F813300DD0B57 /* PBXTargetDependency */,
			);
			name = EnhancedCamUITests;
			productName = EnhancedCamUITests;
			productReference = EF0E2E762C5F813300DD0B57 /* EnhancedCamUITests.xctest */;
			productType = "com.apple.product-type.bundle.ui-testing";
		};
/* End PBXNativeTarget section */

/* Begin PBXProject section */
		EF0E2E542C5F813200DD0B57 /* Project object */ = {
			isa = PBXProject;
			attributes = {
				BuildIndependentTargetsInParallel = 1;
				LastSwiftUpdateCheck = 1500;
				LastUpgradeCheck = 1500;
				TargetAttributes = {
					EF0E2E5B2C5F813200DD0B57 = {
						CreatedOnToolsVersion = 15.0.1;
					};
					EF0E2E6B2C5F813300DD0B57 = {
						CreatedOnToolsVersion = 15.0.1;
						TestTargetID = EF0E2E5B2C5F813200DD0B57;
					};
					EF0E2E752C5F813300DD0B57 = {
						CreatedOnToolsVersion = 15.0.1;
						TestTargetID = EF0E2E5B2C5F813200DD0B57;
					};
				};
			};
			buildConfigurationList = EF0E2E572C5F813200DD0B57 /* Build configuration list for PBXProject "EnhancedCam" */;
			compatibilityVersion = "Xcode 14.0";
			developmentRegion = en;
			hasScannedForEncodings = 0;
			knownRegions = (
				en,
				Base,
			);
			mainGroup = EF0E2E532C5F813200DD0B57;
			productRefGroup = EF0E2E5D2C5F813200DD0B57 /* Products */;
			projectDirPath = "";
			projectRoot = "";
			targets = (
				EF0E2E5B2C5F813200DD0B57 /* EnhancedCam */,
				EF0E2E6B2C5F813300DD0B57 /* EnhancedCamTests */,
				EF0E2E752C5F813300DD0B57 /* EnhancedCamUITests */,
			);
		};
/* End PBXProject section */

/* Begin PBXResourcesBuildPhase section */
		EF0E2E5A2C5F813200DD0B57 /* Resources */ = {
			isa = PBXResourcesBuildPhase;
			buildActionMask = 2147483647;
			files = (
				EF0E2E672C5F813300DD0B57 /* Preview Assets.xcassets in Resources */,
				EF0E2E642C5F813300DD0B57 /* Assets.xcassets in Resources */,
			);
			runOnlyForDeploymentPostprocessing = 0;
		};
		EF0E2E6A2C5F813300DD0B57 /* Resources */ = {
			isa = PBXResourcesBuildPhase;
			buildActionMask = 2147483647;
			files = (
			);
			runOnlyForDeploymentPostprocessing = 0;
		};
		EF0E2E742C5F813300DD0B57 /* Resources */ = {
			isa = PBXResourcesBuildPhase;
			buildActionMask = 2147483647;
			files = (
			);
			runOnlyForDeploymentPostprocessing = 0;
		};
/* End PBXResourcesBuildPhase section */

/* Begin PBXSourcesBuildPhase section */
		EF0E2E582C5F813200DD0B57 /* Sources */ = {
			isa = PBXSourcesBuildPhase;
			buildActionMask = 2147483647;
			files = (
				EF0E2E8C2C5F822700DD0B57 /* EnhancedCamViewModel.swift in Sources */,
				EF0E2E622C5F813200DD0B57 /* ContentView.swift in Sources */,
				EF0E2E8A2C5F822200DD0B57 /* EnhancedCamView.swift in Sources */,
				EF0E2E602C5F813200DD0B57 /* EnhancedCamApp.swift in Sources */,
			);
			runOnlyForDeploymentPostprocessing = 0;
		};
		EF0E2E682C5F813300DD0B57 /* Sources */ = {
			isa = PBXSourcesBuildPhase;
			buildActionMask = 2147483647;
			files = (
				EF0E2E712C5F813300DD0B57 /* EnhancedCamTests.swift in Sources */,
			);
			runOnlyForDeploymentPostprocessing = 0;
		};
		EF0E2E722C5F813300DD0B57 /* Sources */ = {
			isa = PBXSourcesBuildPhase;
			buildActionMask = 2147483647;
			files = (
				EF0E2E7D2C5F813300DD0B57 /* EnhancedCamUITestsLaunchTests.swift in Sources */,
				EF0E2E7B2C5F813300DD0B57 /* EnhancedCamUITests.swift in Sources */,
			);
			runOnlyForDeploymentPostprocessing = 0;
		};
/* End PBXSourcesBuildPhase section */

/* Begin PBXTargetDependency section */
		EF0E2E6E2C5F813300DD0B57 /* PBXTargetDependency */ = {
			isa = PBXTargetDependency;
			target = EF0E2E5B2C5F813200DD0B57 /* EnhancedCam */;
			targetProxy = EF0E2E6D2C5F813300DD0B57 /* PBXContainerItemProxy */;
		};
		EF0E2E782C5F813300DD0B57 /* PBXTargetDependency */ = {
			isa = PBXTargetDependency;
			target = EF0E2E5B2C5F813200DD0B57 /* EnhancedCam */;
			targetProxy = EF0E2E772C5F813300DD0B57 /* PBXContainerItemProxy */;
		};
/* End PBXTargetDependency section */

/* Begin XCBuildConfiguration section */
		EF0E2E7E2C5F813300DD0B57 /* Debug */ = {
			isa = XCBuildConfiguration;
			buildSettings = {
				ALWAYS_SEARCH_USER_PATHS = NO;
				ASSETCATALOG_COMPILER_GENERATE_SWIFT_ASSET_SYMBOL_EXTENSIONS = YES;
				CLANG_ANALYZER_NONNULL = YES;
				CLANG_ANALYZER_NUMBER_OBJECT_CONVERSION = YES_AGGRESSIVE;
				CLANG_CXX_LANGUAGE_STANDARD = "gnu++20";
				CLANG_ENABLE_MODULES = YES;
				CLANG_ENABLE_OBJC_ARC = YES;
				CLANG_ENABLE_OBJC_WEAK = YES;
				CLANG_WARN_BLOCK_CAPTURE_AUTORELEASING = YES;
				CLANG_WARN_BOOL_CONVERSION = YES;
				CLANG_WARN_COMMA = YES;
				CLANG_WARN_CONSTANT_CONVERSION = YES;
				CLANG_WARN_DEPRECATED_OBJC_IMPLEMENTATIONS = YES;
				CLANG_WARN_DIRECT_OBJC_ISA_USAGE = YES_ERROR;
				CLANG_WARN_DOCUMENTATION_COMMENTS = YES;
				CLANG_WARN_EMPTY_BODY = YES;
				CLANG_WARN_ENUM_CONVERSION = YES;
				CLANG_WARN_INFINITE_RECURSION = YES;
				CLANG_WARN_INT_CONVERSION = YES;
				CLANG_WARN_NON_LITERAL_NULL_CONVERSION = YES;
				CLANG_WARN_OBJC_IMPLICIT_RETAIN_SELF = YES;
				CLANG_WARN_OBJC_LITERAL_CONVERSION = YES;
				CLANG_WARN_OBJC_ROOT_CLASS = YES_ERROR;
				CLANG_WARN_QUOTED_INCLUDE_IN_FRAMEWORK_HEADER = YES;
				CLANG_WARN_RANGE_LOOP_ANALYSIS = YES;
				CLANG_WARN_STRICT_PROTOTYPES = YES;
				CLANG_WARN_SUSPICIOUS_MOVE = YES;
				CLANG_WARN_UNGUARDED_AVAILABILITY = YES_AGGRESSIVE;
				CLANG_WARN_UNREACHABLE_CODE = YES;
				CLANG_WARN__DUPLICATE_METHOD_MATCH = YES;
				COPY_PHASE_STRIP = NO;
				DEBUG_INFORMATION_FORMAT = dwarf;
				ENABLE_STRICT_OBJC_MSGSEND = YES;
				ENABLE_TESTABILITY = YES;
				ENABLE_USER_SCRIPT_SANDBOXING = YES;
				GCC_C_LANGUAGE_STANDARD = gnu17;
				GCC_DYNAMIC_NO_PIC = NO;
				GCC_NO_COMMON_BLOCKS = YES;
				GCC_OPTIMIZATION_LEVEL = 0;
				GCC_PREPROCESSOR_DEFINITIONS = (
					"DEBUG=1",
					"$(inherited)",
				);
				GCC_WARN_64_TO_32_BIT_CONVERSION = YES;
				GCC_WARN_ABOUT_RETURN_TYPE = YES_ERROR;
				GCC_WARN_UNDECLARED_SELECTOR = YES;
				GCC_WARN_UNINITIALIZED_AUTOS = YES_AGGRESSIVE;
				GCC_WARN_UNUSED_FUNCTION = YES;
				GCC_WARN_UNUSED_VARIABLE = YES;
				IPHONEOS_DEPLOYMENT_TARGET = 17.0;
				LOCALIZATION_PREFERS_STRING_CATALOGS = YES;
				MTL_ENABLE_DEBUG_INFO = INCLUDE_SOURCE;
				MTL_FAST_MATH = YES;
				ONLY_ACTIVE_ARCH = YES;
				SDKROOT = iphoneos;
				SWIFT_ACTIVE_COMPILATION_CONDITIONS = "DEBUG $(inherited)";
				SWIFT_OPTIMIZATION_LEVEL = "-Onone";
			};
			name = Debug;
		};
		EF0E2E7F2C5F813300DD0B57 /* Release */ = {
			isa = XCBuildConfiguration;
			buildSettings = {
				ALWAYS_SEARCH_USER_PATHS = NO;
				ASSETCATALOG_COMPILER_GENERATE_SWIFT_ASSET_SYMBOL_EXTENSIONS = YES;
				CLANG_ANALYZER_NONNULL = YES;
				CLANG_ANALYZER_NUMBER_OBJECT_CONVERSION = YES_AGGRESSIVE;
				CLANG_CXX_LANGUAGE_STANDARD = "gnu++20";
				CLANG_ENABLE_MODULES = YES;
				CLANG_ENABLE_OBJC_ARC = YES;
				CLANG_ENABLE_OBJC_WEAK = YES;
				CLANG_WARN_BLOCK_CAPTURE_AUTORELEASING = YES;
				CLANG_WARN_BOOL_CONVERSION = YES;
				CLANG_WARN_COMMA = YES;
				CLANG_WARN_CONSTANT_CONVERSION = YES;
				CLANG_WARN_DEPRECATED_OBJC_IMPLEMENTATIONS = YES;
				CLANG_WARN_DIRECT_OBJC_ISA_USAGE = YES_ERROR;
				CLANG_WARN_DOCUMENTATION_COMMENTS = YES;
				CLANG_WARN_EMPTY_BODY = YES;
				CLANG_WARN_ENUM_CONVERSION = YES;
				CLANG_WARN_INFINITE_RECURSION = YES;
				CLANG_WARN_INT_CONVERSION = YES;
				CLANG_WARN_NON_LITERAL_NULL_CONVERSION = YES;
				CLANG_WARN_OBJC_IMPLICIT_RETAIN_SELF = YES;
				CLANG_WARN_OBJC_LITERAL_CONVERSION = YES;
				CLANG_WARN_OBJC_ROOT_CLASS = YES_ERROR;
				CLANG_WARN_QUOTED_INCLUDE_IN_FRAMEWORK_HEADER = YES;
				CLANG_WARN_RANGE_LOOP_ANALYSIS = YES;
				CLANG_WARN_STRICT_PROTOTYPES = YES;
				CLANG_WARN_SUSPICIOUS_MOVE = YES;
				CLANG_WARN_UNGUARDED_AVAILABILITY = YES_AGGRESSIVE;
				CLANG_WARN_UNREACHABLE_CODE = YES;
				CLANG_WARN__DUPLICATE_METHOD_MATCH = YES;
				COPY_PHASE_STRIP = NO;
				DEBUG_INFORMATION_FORMAT = "dwarf-with-dsym";
				ENABLE_NS_ASSERTIONS = NO;
				ENABLE_STRICT_OBJC_MSGSEND = YES;
				ENABLE_USER_SCRIPT_SANDBOXING = YES;
				GCC_C_LANGUAGE_STANDARD = gnu17;
				GCC_NO_COMMON_BLOCKS = YES;
				GCC_WARN_64_TO_32_BIT_CONVERSION = YES;
				GCC_WARN_ABOUT_RETURN_TYPE = YES_ERROR;
				GCC_WARN_UNDECLARED_SELECTOR = YES;
				GCC_WARN_UNINITIALIZED_AUTOS = YES_AGGRESSIVE;
				GCC_WARN_UNUSED_FUNCTION = YES;
				GCC_WARN_UNUSED_VARIABLE = YES;
				IPHONEOS_DEPLOYMENT_TARGET = 17.0;
				LOCALIZATION_PREFERS_STRING_CATALOGS = YES;
				MTL_ENABLE_DEBUG_INFO = NO;
				MTL_FAST_MATH = YES;
				SDKROOT = iphoneos;
				SWIFT_COMPILATION_MODE = wholemodule;
				VALIDATE_PRODUCT = YES;
			};
			name = Release;
		};
		EF0E2E812C5F813300DD0B57 /* Debug */ = {
			isa = XCBuildConfiguration;
			buildSettings = {
				ASSETCATALOG_COMPILER_APPICON_NAME = AppIcon;
				ASSETCATALOG_COMPILER_GLOBAL_ACCENT_COLOR_NAME = AccentColor;
				CODE_SIGN_STYLE = Automatic;
				CURRENT_PROJECT_VERSION = 1;
				DEVELOPMENT_ASSET_PATHS = "\"EnhancedCam/Preview Content\"";
				DEVELOPMENT_TEAM = 9D79AWT4TU;
				ENABLE_PREVIEWS = YES;
				GENERATE_INFOPLIST_FILE = YES;
				INFOPLIST_KEY_NSCameraUsageDescription = "The app needs camera access to capture photo";
				INFOPLIST_KEY_NSPhotoLibraryAddUsageDescription = "The app needs photo library access to save photo";
				INFOPLIST_KEY_NSPhotoLibraryUsageDescription = "The app needs photo library access to save photo";
				INFOPLIST_KEY_UIApplicationSceneManifest_Generation = YES;
				INFOPLIST_KEY_UIApplicationSupportsIndirectInputEvents = YES;
				INFOPLIST_KEY_UILaunchScreen_Generation = YES;
				INFOPLIST_KEY_UISupportedInterfaceOrientations_iPad = "UIInterfaceOrientationPortrait UIInterfaceOrientationPortraitUpsideDown UIInterfaceOrientationLandscapeLeft UIInterfaceOrientationLandscapeRight";
				INFOPLIST_KEY_UISupportedInterfaceOrientations_iPhone = "UIInterfaceOrientationPortrait UIInterfaceOrientationLandscapeLeft UIInterfaceOrientationLandscapeRight";
				LD_RUNPATH_SEARCH_PATHS = (
					"$(inherited)",
					"@executable_path/Frameworks",
				);
				MARKETING_VERSION = 1.0;
				PRODUCT_BUNDLE_IDENTIFIER = com.halim.EnhancedCam;
				PRODUCT_NAME = "$(TARGET_NAME)";
				SWIFT_EMIT_LOC_STRINGS = YES;
				SWIFT_VERSION = 5.0;
				TARGETED_DEVICE_FAMILY = "1,2";
			};
			name = Debug;
		};
		EF0E2E822C5F813300DD0B57 /* Release */ = {
			isa = XCBuildConfiguration;
			buildSettings = {
				ASSETCATALOG_COMPILER_APPICON_NAME = AppIcon;
				ASSETCATALOG_COMPILER_GLOBAL_ACCENT_COLOR_NAME = AccentColor;
				CODE_SIGN_STYLE = Automatic;
				CURRENT_PROJECT_VERSION = 1;
				DEVELOPMENT_ASSET_PATHS = "\"EnhancedCam/Preview Content\"";
				DEVELOPMENT_TEAM = 9D79AWT4TU;
				ENABLE_PREVIEWS = YES;
				GENERATE_INFOPLIST_FILE = YES;
				INFOPLIST_KEY_NSCameraUsageDescription = "The app needs camera access to capture photo";
				INFOPLIST_KEY_NSPhotoLibraryAddUsageDescription = "The app needs photo library access to save photo";
				INFOPLIST_KEY_NSPhotoLibraryUsageDescription = "The app needs photo library access to save photo";
				INFOPLIST_KEY_UIApplicationSceneManifest_Generation = YES;
				INFOPLIST_KEY_UIApplicationSupportsIndirectInputEvents = YES;
				INFOPLIST_KEY_UILaunchScreen_Generation = YES;
				INFOPLIST_KEY_UISupportedInterfaceOrientations_iPad = "UIInterfaceOrientationPortrait UIInterfaceOrientationPortraitUpsideDown UIInterfaceOrientationLandscapeLeft UIInterfaceOrientationLandscapeRight";
				INFOPLIST_KEY_UISupportedInterfaceOrientations_iPhone = "UIInterfaceOrientationPortrait UIInterfaceOrientationLandscapeLeft UIInterfaceOrientationLandscapeRight";
				LD_RUNPATH_SEARCH_PATHS = (
					"$(inherited)",
					"@executable_path/Frameworks",
				);
				MARKETING_VERSION = 1.0;
				PRODUCT_BUNDLE_IDENTIFIER = com.halim.EnhancedCam;
				PRODUCT_NAME = "$(TARGET_NAME)";
				SWIFT_EMIT_LOC_STRINGS = YES;
				SWIFT_VERSION = 5.0;
				TARGETED_DEVICE_FAMILY = "1,2";
			};
			name = Release;
		};
		EF0E2E842C5F813300DD0B57 /* Debug */ = {
			isa = XCBuildConfiguration;
			buildSettings = {
				ALWAYS_EMBED_SWIFT_STANDARD_LIBRARIES = YES;
				BUNDLE_LOADER = "$(TEST_HOST)";
				CODE_SIGN_STYLE = Automatic;
				CURRENT_PROJECT_VERSION = 1;
				DEVELOPMENT_TEAM = 9D79AWT4TU;
				GENERATE_INFOPLIST_FILE = YES;
				IPHONEOS_DEPLOYMENT_TARGET = 17.0;
				MARKETING_VERSION = 1.0;
				PRODUCT_BUNDLE_IDENTIFIER = com.halim.EnhancedCamTests;
				PRODUCT_NAME = "$(TARGET_NAME)";
				SWIFT_EMIT_LOC_STRINGS = NO;
				SWIFT_VERSION = 5.0;
				TARGETED_DEVICE_FAMILY = "1,2";
				TEST_HOST = "$(BUILT_PRODUCTS_DIR)/EnhancedCam.app/$(BUNDLE_EXECUTABLE_FOLDER_PATH)/EnhancedCam";
			};
			name = Debug;
		};
		EF0E2E852C5F813300DD0B57 /* Release */ = {
			isa = XCBuildConfiguration;
			buildSettings = {
				ALWAYS_EMBED_SWIFT_STANDARD_LIBRARIES = YES;
				BUNDLE_LOADER = "$(TEST_HOST)";
				CODE_SIGN_STYLE = Automatic;
				CURRENT_PROJECT_VERSION = 1;
				DEVELOPMENT_TEAM = 9D79AWT4TU;
				GENERATE_INFOPLIST_FILE = YES;
				IPHONEOS_DEPLOYMENT_TARGET = 17.0;
				MARKETING_VERSION = 1.0;
				PRODUCT_BUNDLE_IDENTIFIER = com.halim.EnhancedCamTests;
				PRODUCT_NAME = "$(TARGET_NAME)";
				SWIFT_EMIT_LOC_STRINGS = NO;
				SWIFT_VERSION = 5.0;
				TARGETED_DEVICE_FAMILY = "1,2";
				TEST_HOST = "$(BUILT_PRODUCTS_DIR)/EnhancedCam.app/$(BUNDLE_EXECUTABLE_FOLDER_PATH)/EnhancedCam";
			};
			name = Release;
		};
		EF0E2E872C5F813300DD0B57 /* Debug */ = {
			isa = XCBuildConfiguration;
			buildSettings = {
				ALWAYS_EMBED_SWIFT_STANDARD_LIBRARIES = YES;
				CODE_SIGN_STYLE = Automatic;
				CURRENT_PROJECT_VERSION = 1;
				DEVELOPMENT_TEAM = 9D79AWT4TU;
				GENERATE_INFOPLIST_FILE = YES;
				MARKETING_VERSION = 1.0;
				PRODUCT_BUNDLE_IDENTIFIER = com.halim.EnhancedCamUITests;
				PRODUCT_NAME = "$(TARGET_NAME)";
				SWIFT_EMIT_LOC_STRINGS = NO;
				SWIFT_VERSION = 5.0;
				TARGETED_DEVICE_FAMILY = "1,2";
				TEST_TARGET_NAME = EnhancedCam;
			};
			name = Debug;
		};
		EF0E2E882C5F813300DD0B57 /* Release */ = {
			isa = XCBuildConfiguration;
			buildSettings = {
				ALWAYS_EMBED_SWIFT_STANDARD_LIBRARIES = YES;
				CODE_SIGN_STYLE = Automatic;
				CURRENT_PROJECT_VERSION = 1;
				DEVELOPMENT_TEAM = 9D79AWT4TU;
				GENERATE_INFOPLIST_FILE = YES;
				MARKETING_VERSION = 1.0;
				PRODUCT_BUNDLE_IDENTIFIER = com.halim.EnhancedCamUITests;
				PRODUCT_NAME = "$(TARGET_NAME)";
				SWIFT_EMIT_LOC_STRINGS = NO;
				SWIFT_VERSION = 5.0;
				TARGETED_DEVICE_FAMILY = "1,2";
				TEST_TARGET_NAME = EnhancedCam;
			};
			name = Release;
		};
/* End XCBuildConfiguration section */

/* Begin XCConfigurationList section */
		EF0E2E572C5F813200DD0B57 /* Build configuration list for PBXProject "EnhancedCam" */ = {
			isa = XCConfigurationList;
			buildConfigurations = (
				EF0E2E7E2C5F813300DD0B57 /* Debug */,
				EF0E2E7F2C5F813300DD0B57 /* Release */,
			);
			defaultConfigurationIsVisible = 0;
			defaultConfigurationName = Release;
		};
		EF0E2E802C5F813300DD0B57 /* Build configuration list for PBXNativeTarget "EnhancedCam" */ = {
			isa = XCConfigurationList;
			buildConfigurations = (
				EF0E2E812C5F813300DD0B57 /* Debug */,
				EF0E2E822C5F813300DD0B57 /* Release */,
			);
			defaultConfigurationIsVisible = 0;
			defaultConfigurationName = Release;
		};
		EF0E2E832C5F813300DD0B57 /* Build configuration list for PBXNativeTarget "EnhancedCamTests" */ = {
			isa = XCConfigurationList;
			buildConfigurations = (
				EF0E2E842C5F813300DD0B57 /* Debug */,
				EF0E2E852C5F813300DD0B57 /* Release */,
			);
			defaultConfigurationIsVisible = 0;
			defaultConfigurationName = Release;
		};
		EF0E2E862C5F813300DD0B57 /* Build configuration list for PBXNativeTarget "EnhancedCamUITests" */ = {
			isa = XCConfigurationList;
			buildConfigurations = (
				EF0E2E872C5F813300DD0B57 /* Debug */,
				EF0E2E882C5F813300DD0B57 /* Release */,
			);
			defaultConfigurationIsVisible = 0;
			defaultConfigurationName = Release;
		};
/* End XCConfigurationList section */
	};
	rootObject = EF0E2E542C5F813200DD0B57 /* Project object */;
}
